{
  "name": "root",
  "lockfileVersion": 2,
  "requires": true,
  "packages": {
    "": {
      "name": "root",
      "workspaces": [
        "packages/*"
      ]
    },
    "node_modules/lodash": {
      "version": "4.17.21",
      "resolved": "https://registry.npmjs.org/lodash/-/lodash-4.17.21.tgz",
      "integrity": "sha512-v2kDEe57lecTulaDIuNTPy3Ry4gLGJ6Z1O3vE1krgXZNrsQ+LFTGHVxVjcXPs17LhbZVGedAJv8XZ1tvj5FvSg=="
    },
    "node_modules/pkg-a": {
      "resolved": "packages/pkg-a",
      "link": true
    },
    "node_modules/pkg-b": {
      "resolved": "packages/pkg-b",
      "link": true
    },
    "packages/pkg-a": {
      "version": "1.0.0",
      "license": "ISC",
      "dependencies": {
        "lodash": "^4.17.21",
        "pkg-b": "^1.0.0"
      }
    },
    "packages/pkg-b": {
      "version": "1.0.0",
      "license": "ISC",
      "dependencies": {
        "lodash": "^4.17.21"
      }
    }
  },
  "dependencies": {
    "lodash": {
      "version": "4.17.21",
      "resolved": "https://registry.npmjs.org/lodash/-/lodash-4.17.21.tgz",
      "integrity": "sha512-v2kDEe57lecTulaDIuNTPy3Ry4gLGJ6Z1O3vE1krgXZNrsQ+LFTGHVxVjcXPs17LhbZVGedAJv8XZ1tvj5FvSg=="
    },
    "pkg-a": {
      "version": "file:packages/pkg-a",
      "requires": {
        "lodash": "^4.17.21",
        "pkg-b": "^1.0.0"
      }
    },
    "pkg-b": {
      "version": "file:packages/pkg-b",
      "requires": {
        "lodash": "^4.17.21"
      }
    }
  }
}
